
Microsoft Visual Studio Solution File, Format Version 12.00
# Visual Studio Version 17
VisualStudioVersion = 17.10.34928.147
MinimumVisualStudioVersion = 10.0.40219.1
Project("{8BC9CEB8-8B4A-11D0-8D11-00A0C91BC942}") = "testCom", "testCom\testCom.vcxproj", "{902F4448-F6FF-41E8-A3A9-B96CE0806939}"
EndProject
Global
	GlobalSection(SolutionConfigurationPlatforms) = preSolution
		Debug|x64 = Debug|x64
		Debug|x86 = Debug|x86
		Release|x64 = Release|x64
		Release|x86 = Release|x86
	EndGlobalSection
	GlobalSection(ProjectConfigurationPlatforms) = postSolution
		{902F4448-F6FF-41E8-A3A9-B96CE0806939}.Debug|x64.ActiveCfg = Debug|x64
		{902F4448-F6FF-41E8-A3A9-B96CE0806939}.Debug|x64.Build.0 = Debug|x64
		{902F4448-F6FF-41E8-A3A9-B96CE0806939}.Debug|x86.ActiveCfg = Debug|Win32
		{902F4448-F6FF-41E8-A3A9-B96CE0806939}.Debug|x86.Build.0 = Debug|Win32
		{902F4448-F6FF-41E8-A3A9-B96CE0806939}.Release|x64.ActiveCfg = Release|x64
		{902F4448-F6FF-41E8-A3A9-B96CE0806939}.Release|x64.Build.0 = Release|x64
		{902F4448-F6FF-41E8-A3A9-B96CE0806939}.Release|x86.ActiveCfg = Release|Win32
		{902F4448-F6FF-41E8-A3A9-B96CE0806939}.Release|x86.Build.0 = Release|Win32
	EndGlobalSection
	GlobalSection(SolutionProperties) = preSolution
		HideSolutionNode = FALSE
	EndGlobalSection
	GlobalSection(ExtensibilityGlobals) = postSolution
		SolutionGuid = {AA394886-C7F2-45B8-8EC5-363C69BFBF0F}
	EndGlobalSection
EndGlobal
